
Microsoft Visual Studio Solution File, Format Version 12.00
# Visual Studio 15
VisualStudioVersion = 15.0.28307.168
MinimumVisualStudioVersion = 10.0.40219.1
Project("{FAE04EC0-301F-11D3-BF4B-00C04F79EFBC}") = "ConnectApp.Android", "ConnectApp\ConnectApp.Android\ConnectApp.Android.csproj", "{5BD0A9A1-FDFB-44BC-A25E-3EDAD19FDAEC}"
EndProject
Project("{FAE04EC0-301F-11D3-BF4B-00C04F79EFBC}") = "ConnectApp.iOS", "ConnectApp\ConnectApp.iOS\ConnectApp.iOS.csproj", "{3E4A460B-C6FF-41D6-A5F5-7E4F2EF56692}"
EndProject
Project("{FAE04EC0-301F-11D3-BF4B-00C04F79EFBC}") = "ConnectApp", "ConnectApp\ConnectApp\ConnectApp.csproj", "{D5074789-D92E-4FC5-B8DB-7EF1E6F74866}"
EndProject
Global
	GlobalSection(SolutionConfigurationPlatforms) = preSolution
		Ad-Hoc|Any CPU = Ad-Hoc|Any CPU
		Ad-Hoc|iPhone = Ad-Hoc|iPhone
		Ad-Hoc|iPhoneSimulator = Ad-Hoc|iPhoneSimulator
		AppStore|Any CPU = AppStore|Any CPU
		AppStore|iPhone = AppStore|iPhone
		AppStore|iPhoneSimulator = AppStore|iPhoneSimulator
		Debug|Any CPU = Debug|Any CPU
		Debug|iPhone = Debug|iPhone
		Debug|iPhoneSimulator = Debug|iPhoneSimulator
		Release|Any CPU = Release|Any CPU
		Release|iPhone = Release|iPhone
		Release|iPhoneSimulator = Release|iPhoneSimulator
	EndGlobalSection
	GlobalSection(ProjectConfigurationPlatforms) = postSolution
		{5BD0A9A1-FDFB-44BC-A25E-3EDAD19FDAEC}.Ad-Hoc|Any CPU.ActiveCfg = Release|Any CPU
		{5BD0A9A1-FDFB-44BC-A25E-3EDAD19FDAEC}.Ad-Hoc|Any CPU.Build.0 = Release|Any CPU
		{5BD0A9A1-FDFB-44BC-A25E-3EDAD19FDAEC}.Ad-Hoc|Any CPU.Deploy.0 = Release|Any CPU
		{5BD0A9A1-FDFB-44BC-A25E-3EDAD19FDAEC}.Ad-Hoc|iPhone.ActiveCfg = Release|Any CPU
		{5BD0A9A1-FDFB-44BC-A25E-3EDAD19FDAEC}.Ad-Hoc|iPhone.Build.0 = Release|Any CPU
		{5BD0A9A1-FDFB-44BC-A25E-3EDAD19FDAEC}.Ad-Hoc|iPhone.Deploy.0 = Release|Any CPU
		{5BD0A9A1-FDFB-44BC-A25E-3EDAD19FDAEC}.Ad-Hoc|iPhoneSimulator.ActiveCfg = Release|Any CPU
		{5BD0A9A1-FDFB-44BC-A25E-3EDAD19FDAEC}.Ad-Hoc|iPhoneSimulator.Build.0 = Release|Any CPU
		{5BD0A9A1-FDFB-44BC-A25E-3EDAD19FDAEC}.Ad-Hoc|iPhoneSimulator.Deploy.0 = Release|Any CPU
		{5BD0A9A1-FDFB-44BC-A25E-3EDAD19FDAEC}.AppStore|Any CPU.ActiveCfg = Release|Any CPU
		{5BD0A9A1-FDFB-44BC-A25E-3EDAD19FDAEC}.AppStore|Any CPU.Build.0 = Release|Any CPU
		{5BD0A9A1-FDFB-44BC-A25E-3EDAD19FDAEC}.AppStore|Any CPU.Deploy.0 = Release|Any CPU
		{5BD0A9A1-FDFB-44BC-A25E-3EDAD19FDAEC}.AppStore|iPhone.ActiveCfg = Release|Any CPU
		{5BD0A9A1-FDFB-44BC-A25E-3EDAD19FDAEC}.AppStore|iPhone.Build.0 = Release|Any CPU
		{5BD0A9A1-FDFB-44BC-A25E-3EDAD19FDAEC}.AppStore|iPhone.Deploy.0 = Release|Any CPU
		{5BD0A9A1-FDFB-44BC-A25E-3EDAD19FDAEC}.AppStore|iPhoneSimulator.ActiveCfg = Release|Any CPU
		{5BD0A9A1-FDFB-44BC-A25E-3EDAD19FDAEC}.AppStore|iPhoneSimulator.Build.0 = Release|Any CPU
		{5BD0A9A1-FDFB-44BC-A25E-3EDAD19FDAEC}.AppStore|iPhoneSimulator.Deploy.0 = Release|Any CPU
		{5BD0A9A1-FDFB-44BC-A25E-3EDAD19FDAEC}.Debug|Any CPU.ActiveCfg = Debug|Any CPU
		{5BD0A9A1-FDFB-44BC-A25E-3EDAD19FDAEC}.Debug|Any CPU.Build.0 = Debug|Any CPU
		{5BD0A9A1-FDFB-44BC-A25E-3EDAD19FDAEC}.Debug|Any CPU.Deploy.0 = Debug|Any CPU
		{5BD0A9A1-FDFB-44BC-A25E-3EDAD19FDAEC}.Debug|iPhone.ActiveCfg = Debug|Any CPU
		{5BD0A9A1-FDFB-44BC-A25E-3EDAD19FDAEC}.Debug|iPhone.Build.0 = Debug|Any CPU
		{5BD0A9A1-FDFB-44BC-A25E-3EDAD19FDAEC}.Debug|iPhone.Deploy.0 = Debug|Any CPU
		{5BD0A9A1-FDFB-44BC-A25E-3EDAD19FDAEC}.Debug|iPhoneSimulator.ActiveCfg = Debug|Any CPU
		{5BD0A9A1-FDFB-44BC-A25E-3EDAD19FDAEC}.Debug|iPhoneSimulator.Build.0 = Debug|Any CPU
		{5BD0A9A1-FDFB-44BC-A25E-3EDAD19FDAEC}.Debug|iPhoneSimulator.Deploy.0 = Debug|Any CPU
		{5BD0A9A1-FDFB-44BC-A25E-3EDAD19FDAEC}.Release|Any CPU.ActiveCfg = Release|Any CPU
		{5BD0A9A1-FDFB-44BC-A25E-3EDAD19FDAEC}.Release|Any CPU.Build.0 = Release|Any CPU
		{5BD0A9A1-FDFB-44BC-A25E-3EDAD19FDAEC}.Release|Any CPU.Deploy.0 = Release|Any CPU
		{5BD0A9A1-FDFB-44BC-A25E-3EDAD19FDAEC}.Release|iPhone.ActiveCfg = Release|Any CPU
		{5BD0A9A1-FDFB-44BC-A25E-3EDAD19FDAEC}.Release|iPhone.Build.0 = Release|Any CPU
		{5BD0A9A1-FDFB-44BC-A25E-3EDAD19FDAEC}.Release|iPhone.Deploy.0 = Release|Any CPU
		{5BD0A9A1-FDFB-44BC-A25E-3EDAD19FDAEC}.Release|iPhoneSimulator.ActiveCfg = Release|Any CPU
		{5BD0A9A1-FDFB-44BC-A25E-3EDAD19FDAEC}.Release|iPhoneSimulator.Build.0 = Release|Any CPU
		{5BD0A9A1-FDFB-44BC-A25E-3EDAD19FDAEC}.Release|iPhoneSimulator.Deploy.0 = Release|Any CPU
		{3E4A460B-C6FF-41D6-A5F5-7E4F2EF56692}.Ad-Hoc|Any CPU.ActiveCfg = Ad-Hoc|iPhone
		{3E4A460B-C6FF-41D6-A5F5-7E4F2EF56692}.Ad-Hoc|Any CPU.Build.0 = Ad-Hoc|iPhone
		{3E4A460B-C6FF-41D6-A5F5-7E4F2EF56692}.Ad-Hoc|Any CPU.Deploy.0 = Ad-Hoc|iPhone
		{3E4A460B-C6FF-41D6-A5F5-7E4F2EF56692}.Ad-Hoc|iPhone.ActiveCfg = Ad-Hoc|iPhone
		{3E4A460B-C6FF-41D6-A5F5-7E4F2EF56692}.Ad-Hoc|iPhone.Build.0 = Ad-Hoc|iPhone
		{3E4A460B-C6FF-41D6-A5F5-7E4F2EF56692}.Ad-Hoc|iPhone.Deploy.0 = Ad-Hoc|iPhone
		{3E4A460B-C6FF-41D6-A5F5-7E4F2EF56692}.Ad-Hoc|iPhoneSimulator.ActiveCfg = Ad-Hoc|iPhoneSimulator
		{3E4A460B-C6FF-41D6-A5F5-7E4F2EF56692}.Ad-Hoc|iPhoneSimulator.Build.0 = Ad-Hoc|iPhoneSimulator
		{3E4A460B-C6FF-41D6-A5F5-7E4F2EF56692}.Ad-Hoc|iPhoneSimulator.Deploy.0 = Ad-Hoc|iPhoneSimulator
		{3E4A460B-C6FF-41D6-A5F5-7E4F2EF56692}.AppStore|Any CPU.ActiveCfg = AppStore|iPhone
		{3E4A460B-C6FF-41D6-A5F5-7E4F2EF56692}.AppStore|Any CPU.Build.0 = AppStore|iPhone
		{3E4A460B-C6FF-41D6-A5F5-7E4F2EF56692}.AppStore|Any CPU.Deploy.0 = AppStore|iPhone
		{3E4A460B-C6FF-41D6-A5F5-7E4F2EF56692}.AppStore|iPhone.ActiveCfg = AppStore|iPhone
		{3E4A460B-C6FF-41D6-A5F5-7E4F2EF56692}.AppStore|iPhone.Build.0 = AppStore|iPhone
		{3E4A460B-C6FF-41D6-A5F5-7E4F2EF56692}.AppStore|iPhone.Deploy.0 = AppStore|iPhone
		{3E4A460B-C6FF-41D6-A5F5-7E4F2EF56692}.AppStore|iPhoneSimulator.ActiveCfg = AppStore|iPhoneSimulator
		{3E4A460B-C6FF-41D6-A5F5-7E4F2EF56692}.AppStore|iPhoneSimulator.Build.0 = AppStore|iPhoneSimulator
		{3E4A460B-C6FF-41D6-A5F5-7E4F2EF56692}.AppStore|iPhoneSimulator.Deploy.0 = AppStore|iPhoneSimulator
		{3E4A460B-C6FF-41D6-A5F5-7E4F2EF56692}.Debug|Any CPU.ActiveCfg = Debug|iPhoneSimulator
		{3E4A460B-C6FF-41D6-A5F5-7E4F2EF56692}.Debug|Any CPU.Build.0 = Debug|iPhoneSimulator
		{3E4A460B-C6FF-41D6-A5F5-7E4F2EF56692}.Debug|Any CPU.Deploy.0 = Debug|iPhoneSimulator
		{3E4A460B-C6FF-41D6-A5F5-7E4F2EF56692}.Debug|iPhone.ActiveCfg = Debug|iPhone
		{3E4A460B-C6FF-41D6-A5F5-7E4F2EF56692}.Debug|iPhone.Build.0 = Debug|iPhone
		{3E4A460B-C6FF-41D6-A5F5-7E4F2EF56692}.Debug|iPhone.Deploy.0 = Debug|iPhone
		{3E4A460B-C6FF-41D6-A5F5-7E4F2EF56692}.Debug|iPhoneSimulator.ActiveCfg = Debug|iPhoneSimulator
		{3E4A460B-C6FF-41D6-A5F5-7E4F2EF56692}.Debug|iPhoneSimulator.Build.0 = Debug|iPhoneSimulator
		{3E4A460B-C6FF-41D6-A5F5-7E4F2EF56692}.Debug|iPhoneSimulator.Deploy.0 = Debug|iPhoneSimulator
		{3E4A460B-C6FF-41D6-A5F5-7E4F2EF56692}.Release|Any CPU.ActiveCfg = Release|iPhone
		{3E4A460B-C6FF-41D6-A5F5-7E4F2EF56692}.Release|Any CPU.Build.0 = Release|iPhone
		{3E4A460B-C6FF-41D6-A5F5-7E4F2EF56692}.Release|Any CPU.Deploy.0 = Release|iPhone
		{3E4A460B-C6FF-41D6-A5F5-7E4F2EF56692}.Release|iPhone.ActiveCfg = Release|iPhone
		{3E4A460B-C6FF-41D6-A5F5-7E4F2EF56692}.Release|iPhone.Build.0 = Release|iPhone
		{3E4A460B-C6FF-41D6-A5F5-7E4F2EF56692}.Release|iPhone.Deploy.0 = Release|iPhone
		{3E4A460B-C6FF-41D6-A5F5-7E4F2EF56692}.Release|iPhoneSimulator.ActiveCfg = Release|iPhoneSimulator
		{3E4A460B-C6FF-41D6-A5F5-7E4F2EF56692}.Release|iPhoneSimulator.Build.0 = Release|iPhoneSimulator
		{3E4A460B-C6FF-41D6-A5F5-7E4F2EF56692}.Release|iPhoneSimulator.Deploy.0 = Release|iPhoneSimulator
		{D5074789-D92E-4FC5-B8DB-7EF1E6F74866}.Ad-Hoc|Any CPU.ActiveCfg = Debug|Any CPU
		{D5074789-D92E-4FC5-B8DB-7EF1E6F74866}.Ad-Hoc|Any CPU.Build.0 = Debug|Any CPU
		{D5074789-D92E-4FC5-B8DB-7EF1E6F74866}.Ad-Hoc|Any CPU.Deploy.0 = Debug|Any CPU
		{D5074789-D92E-4FC5-B8DB-7EF1E6F74866}.Ad-Hoc|iPhone.ActiveCfg = Debug|Any CPU
		{D5074789-D92E-4FC5-B8DB-7EF1E6F74866}.Ad-Hoc|iPhone.Build.0 = Debug|Any CPU
		{D5074789-D92E-4FC5-B8DB-7EF1E6F74866}.Ad-Hoc|iPhone.Deploy.0 = Debug|Any CPU
		{D5074789-D92E-4FC5-B8DB-7EF1E6F74866}.Ad-Hoc|iPhoneSimulator.ActiveCfg = Debug|Any CPU
		{D5074789-D92E-4FC5-B8DB-7EF1E6F74866}.Ad-Hoc|iPhoneSimulator.Build.0 = Debug|Any CPU
		{D5074789-D92E-4FC5-B8DB-7EF1E6F74866}.Ad-Hoc|iPhoneSimulator.Deploy.0 = Debug|Any CPU
		{D5074789-D92E-4FC5-B8DB-7EF1E6F74866}.AppStore|Any CPU.ActiveCfg = Debug|Any CPU
		{D5074789-D92E-4FC5-B8DB-7EF1E6F74866}.AppStore|Any CPU.Build.0 = Debug|Any CPU
		{D5074789-D92E-4FC5-B8DB-7EF1E6F74866}.AppStore|Any CPU.Deploy.0 = Debug|Any CPU
		{D5074789-D92E-4FC5-B8DB-7EF1E6F74866}.AppStore|iPhone.ActiveCfg = Debug|Any CPU
		{D5074789-D92E-4FC5-B8DB-7EF1E6F74866}.AppStore|iPhone.Build.0 = Debug|Any CPU
		{D5074789-D92E-4FC5-B8DB-7EF1E6F74866}.AppStore|iPhone.Deploy.0 = Debug|Any CPU
		{D5074789-D92E-4FC5-B8DB-7EF1E6F74866}.AppStore|iPhoneSimulator.ActiveCfg = Debug|Any CPU
		{D5074789-D92E-4FC5-B8DB-7EF1E6F74866}.AppStore|iPhoneSimulator.Build.0 = Debug|Any CPU
		{D5074789-D92E-4FC5-B8DB-7EF1E6F74866}.AppStore|iPhoneSimulator.Deploy.0 = Debug|Any CPU
		{D5074789-D92E-4FC5-B8DB-7EF1E6F74866}.Debug|Any CPU.ActiveCfg = Debug|Any CPU
		{D5074789-D92E-4FC5-B8DB-7EF1E6F74866}.Debug|Any CPU.Build.0 = Debug|Any CPU
		{D5074789-D92E-4FC5-B8DB-7EF1E6F74866}.Debug|Any CPU.Deploy.0 = Debug|Any CPU
		{D5074789-D92E-4FC5-B8DB-7EF1E6F74866}.Debug|iPhone.ActiveCfg = Debug|Any CPU
		{D5074789-D92E-4FC5-B8DB-7EF1E6F74866}.Debug|iPhone.Build.0 = Debug|Any CPU
		{D5074789-D92E-4FC5-B8DB-7EF1E6F74866}.Debug|iPhone.Deploy.0 = Debug|Any CPU
		{D5074789-D92E-4FC5-B8DB-7EF1E6F74866}.Debug|iPhoneSimulator.ActiveCfg = Debug|Any CPU
		{D5074789-D92E-4FC5-B8DB-7EF1E6F74866}.Debug|iPhoneSimulator.Build.0 = Debug|Any CPU
		{D5074789-D92E-4FC5-B8DB-7EF1E6F74866}.Debug|iPhoneSimulator.Deploy.0 = Debug|Any CPU
		{D5074789-D92E-4FC5-B8DB-7EF1E6F74866}.Release|Any CPU.ActiveCfg = Release|Any CPU
		{D5074789-D92E-4FC5-B8DB-7EF1E6F74866}.Release|Any CPU.Build.0 = Release|Any CPU
		{D5074789-D92E-4FC5-B8DB-7EF1E6F74866}.Release|Any CPU.Deploy.0 = Release|Any CPU
		{D5074789-D92E-4FC5-B8DB-7EF1E6F74866}.Release|iPhone.ActiveCfg = Release|Any CPU
		{D5074789-D92E-4FC5-B8DB-7EF1E6F74866}.Release|iPhone.Build.0 = Release|Any CPU
		{D5074789-D92E-4FC5-B8DB-7EF1E6F74866}.Release|iPhone.Deploy.0 = Release|Any CPU
		{D5074789-D92E-4FC5-B8DB-7EF1E6F74866}.Release|iPhoneSimulator.ActiveCfg = Release|Any CPU
		{D5074789-D92E-4FC5-B8DB-7EF1E6F74866}.Release|iPhoneSimulator.Build.0 = Release|Any CPU
		{D5074789-D92E-4FC5-B8DB-7EF1E6F74866}.Release|iPhoneSimulator.Deploy.0 = Release|Any CPU
	EndGlobalSection
	GlobalSection(SolutionProperties) = preSolution
		HideSolutionNode = FALSE
	EndGlobalSection
	GlobalSection(ExtensibilityGlobals) = postSolution
		SolutionGuid = {49867C2B-5261-4716-AF9C-AB35C7FBE47C}
	EndGlobalSection
EndGlobal
